
Microsoft Visual Studio Solution File, Format Version 12.00
# Visual Studio Version 16
VisualStudioVersion = 16.0.31624.102
MinimumVisualStudioVersion = 10.0.40219.1
Project("{FAE04EC0-301F-11D3-BF4B-00C04F79EFBC}") = "MyLibrary", "MyLibrary\MyLibrary.csproj", "{89091FB6-B834-4659-A209-05D5965AA5E1}"
EndProject
Global
	GlobalSection(SolutionConfigurationPlatforms) = preSolution
		Debug|Any CPU = Debug|Any CPU
		Release|Any CPU = Release|Any CPU
	EndGlobalSection
	GlobalSection(ProjectConfigurationPlatforms) = postSolution
		{89091FB6-B834-4659-A209-05D5965AA5E1}.Debug|Any CPU.ActiveCfg = Debug|Any CPU
		{89091FB6-B834-4659-A209-05D5965AA5E1}.Debug|Any CPU.Build.0 = Debug|Any CPU
		{89091FB6-B834-4659-A209-05D5965AA5E1}.Release|Any CPU.ActiveCfg = Release|Any CPU
		{89091FB6-B834-4659-A209-05D5965AA5E1}.Release|Any CPU.Build.0 = Release|Any CPU
	EndGlobalSection
	GlobalSection(SolutionProperties) = preSolution
		HideSolutionNode = FALSE
	EndGlobalSection
	GlobalSection(ExtensibilityGlobals) = postSolution
		SolutionGuid = {45F8BFE2-80F1-4C30-B06D-5BB640E2E905}
	EndGlobalSection
EndGlobal
