
Microsoft Visual Studio Solution File, Format Version 12.00
# Visual Studio Version 16
VisualStudioVersion = 16.0.31624.102
MinimumVisualStudioVersion = 10.0.40219.1
Project("{FAE04EC0-301F-11D3-BF4B-00C04F79EFBC}") = "ConsoleApp1", "ConsoleApp1\ConsoleApp1.csproj", "{8396B153-42AB-4722-B253-FFB6E4C0B4BF}"
EndProject
Global
	GlobalSection(SolutionConfigurationPlatforms) = preSolution
		Debug|Any CPU = Debug|Any CPU
		Release|Any CPU = Release|Any CPU
	EndGlobalSection
	GlobalSection(ProjectConfigurationPlatforms) = postSolution
		{8396B153-42AB-4722-B253-FFB6E4C0B4BF}.Debug|Any CPU.ActiveCfg = Debug|Any CPU
		{8396B153-42AB-4722-B253-FFB6E4C0B4BF}.Debug|Any CPU.Build.0 = Debug|Any CPU
		{8396B153-42AB-4722-B253-FFB6E4C0B4BF}.Release|Any CPU.ActiveCfg = Release|Any CPU
		{8396B153-42AB-4722-B253-FFB6E4C0B4BF}.Release|Any CPU.Build.0 = Release|Any CPU
	EndGlobalSection
	GlobalSection(SolutionProperties) = preSolution
		HideSolutionNode = FALSE
	EndGlobalSection
	GlobalSection(ExtensibilityGlobals) = postSolution
		SolutionGuid = {22C7AABE-23D0-4A3E-89D0-6F9148DB9785}
	EndGlobalSection
EndGlobal
